
Microsoft Visual Studio Solution File, Format Version 12.00
# Visual Studio Version 16
VisualStudioVersion = 16.0.30804.86
MinimumVisualStudioVersion = 10.0.40219.1
Project("{9A19103F-16F7-4668-BE54-9A1E7A4F7556}") = "Microsoft.Health.Dicom.Anonymizer.Core", "src\Microsoft.Health.Dicom.Anonymizer.Core\Microsoft.Health.Dicom.Anonymizer.Core.csproj", "{EE3392A0-1445-4B79-9C4A-F0DA99FDA339}"
EndProject
Project("{9A19103F-16F7-4668-BE54-9A1E7A4F7556}") = "Microsoft.Health.Dicom.Anonymizer.CommandLineTool", "src\Microsoft.Health.Dicom.Anonymizer.CommandLineTool\Microsoft.Health.Dicom.Anonymizer.CommandLineTool.csproj", "{AE4E4A8F-26B4-46A0-BA2B-4138C064C9F1}"
EndProject
Project("{9A19103F-16F7-4668-BE54-9A1E7A4F7556}") = "Microsoft.Health.Dicom.Anonymizer.Core.UnitTests", "src\Microsoft.Health.Dicom.Anonymizer.Core.UnitTests\Microsoft.Health.Dicom.Anonymizer.Core.UnitTests.csproj", "{3E24E184-32D4-4AA3-9F07-351D6981071E}"
EndProject
Project("{9A19103F-16F7-4668-BE54-9A1E7A4F7556}") = "Microsoft.Health.Dicom.Anonymizer.CommandLineTool.UnitTests", "src\Microsoft.Health.Dicom.Anonymizer.CommandLineTool.UnitTests\Microsoft.Health.Dicom.Anonymizer.CommandLineTool.UnitTests.csproj", "{EE2553FF-A577-4FEB-A806-9101EB5C5285}"
EndProject
Project("{9A19103F-16F7-4668-BE54-9A1E7A4F7556}") = "Microsoft.Health.Anonymizer.Common", "src\Microsoft.Health.Anonymizer.Common\Microsoft.Health.Anonymizer.Common.csproj", "{462EE49C-D6EB-4E73-870F-277273444276}"
EndProject
Project("{9A19103F-16F7-4668-BE54-9A1E7A4F7556}") = "Microsoft.Health.Anonymizer.Common.UnitTests", "src\Microsoft.Health.Anonymizer.Common.UnitTests\Microsoft.Health.Anonymizer.Common.UnitTests.csproj", "{A6E1BA06-0842-4E1C-B1D9-D977C8AF27D7}"
EndProject
Global
	GlobalSection(SolutionConfigurationPlatforms) = preSolution
		Debug|Any CPU = Debug|Any CPU
		Release|Any CPU = Release|Any CPU
	EndGlobalSection
	GlobalSection(ProjectConfigurationPlatforms) = postSolution
		{EE3392A0-1445-4B79-9C4A-F0DA99FDA339}.Debug|Any CPU.ActiveCfg = Debug|Any CPU
		{EE3392A0-1445-4B79-9C4A-F0DA99FDA339}.Debug|Any CPU.Build.0 = Debug|Any CPU
		{EE3392A0-1445-4B79-9C4A-F0DA99FDA339}.Release|Any CPU.ActiveCfg = Release|Any CPU
		{EE3392A0-1445-4B79-9C4A-F0DA99FDA339}.Release|Any CPU.Build.0 = Release|Any CPU
		{AE4E4A8F-26B4-46A0-BA2B-4138C064C9F1}.Debug|Any CPU.ActiveCfg = Debug|Any CPU
		{AE4E4A8F-26B4-46A0-BA2B-4138C064C9F1}.Debug|Any CPU.Build.0 = Debug|Any CPU
		{AE4E4A8F-26B4-46A0-BA2B-4138C064C9F1}.Release|Any CPU.ActiveCfg = Release|Any CPU
		{AE4E4A8F-26B4-46A0-BA2B-4138C064C9F1}.Release|Any CPU.Build.0 = Release|Any CPU
		{3E24E184-32D4-4AA3-9F07-351D6981071E}.Debug|Any CPU.ActiveCfg = Debug|Any CPU
		{3E24E184-32D4-4AA3-9F07-351D6981071E}.Debug|Any CPU.Build.0 = Debug|Any CPU
		{3E24E184-32D4-4AA3-9F07-351D6981071E}.Release|Any CPU.ActiveCfg = Release|Any CPU
		{3E24E184-32D4-4AA3-9F07-351D6981071E}.Release|Any CPU.Build.0 = Release|Any CPU
		{EE2553FF-A577-4FEB-A806-9101EB5C5285}.Debug|Any CPU.ActiveCfg = Debug|Any CPU
		{EE2553FF-A577-4FEB-A806-9101EB5C5285}.Debug|Any CPU.Build.0 = Debug|Any CPU
		{EE2553FF-A577-4FEB-A806-9101EB5C5285}.Release|Any CPU.ActiveCfg = Release|Any CPU
		{EE2553FF-A577-4FEB-A806-9101EB5C5285}.Release|Any CPU.Build.0 = Release|Any CPU
		{462EE49C-D6EB-4E73-870F-277273444276}.Debug|Any CPU.ActiveCfg = Debug|Any CPU
		{462EE49C-D6EB-4E73-870F-277273444276}.Debug|Any CPU.Build.0 = Debug|Any CPU
		{462EE49C-D6EB-4E73-870F-277273444276}.Release|Any CPU.ActiveCfg = Release|Any CPU
		{462EE49C-D6EB-4E73-870F-277273444276}.Release|Any CPU.Build.0 = Release|Any CPU
		{A6E1BA06-0842-4E1C-B1D9-D977C8AF27D7}.Debug|Any CPU.ActiveCfg = Debug|Any CPU
		{A6E1BA06-0842-4E1C-B1D9-D977C8AF27D7}.Debug|Any CPU.Build.0 = Debug|Any CPU
		{A6E1BA06-0842-4E1C-B1D9-D977C8AF27D7}.Release|Any CPU.ActiveCfg = Release|Any CPU
		{A6E1BA06-0842-4E1C-B1D9-D977C8AF27D7}.Release|Any CPU.Build.0 = Release|Any CPU
	EndGlobalSection
	GlobalSection(SolutionProperties) = preSolution
		HideSolutionNode = FALSE
	EndGlobalSection
	GlobalSection(ExtensibilityGlobals) = postSolution
		SolutionGuid = {E7DBF3B7-5635-473A-8FE0-97451A647C5E}
	EndGlobalSection
EndGlobal
